
Microsoft Visual Studio Solution File, Format Version 12.00
# Visual Studio 15
VisualStudioVersion = 15.0.27703.2035
MinimumVisualStudioVersion = 10.0.40219.1
Project("{9A19103F-16F7-4668-BE54-9A1E7A4F7556}") = "SoftUni.WebServer.Server", "SoftUni.WebServer.Server\SoftUni.WebServer.Server.csproj", "{F4F64E89-C7C2-42B0-AC6E-ED04CEBC722C}"
EndProject
Project("{9A19103F-16F7-4668-BE54-9A1E7A4F7556}") = "SoftUni.WebServer.Http", "SoftUni.WebServer.Http\SoftUni.WebServer.Http.csproj", "{F8094418-966D-4E77-BFAC-F3CF6D8BC139}"
EndProject
Project("{9A19103F-16F7-4668-BE54-9A1E7A4F7556}") = "SoftUni.WebServer.Common", "SoftUni.WebServer.Common\SoftUni.WebServer.Common.csproj", "{23FB2591-7114-4C17-A10C-B03B500EC9D6}"
EndProject
Project("{9A19103F-16F7-4668-BE54-9A1E7A4F7556}") = "SoftUni.WebServer.Mvc", "SoftUni.WebServer.Mvc\SoftUni.WebServer.Mvc.csproj", "{61A22E10-3C5A-4765-A880-9C9329A05FFF}"
EndProject
Project("{9A19103F-16F7-4668-BE54-9A1E7A4F7556}") = "Chushka.Data", "Chushka.Data\Chushka.Data.csproj", "{294E9238-C380-407B-965D-A1EB803D7CDF}"
EndProject
Project("{9A19103F-16F7-4668-BE54-9A1E7A4F7556}") = "Chushka.Models", "Chushka.Models\Chushka.Models.csproj", "{88B19014-5463-4456-A41D-9205F327B14A}"
EndProject
Project("{9A19103F-16F7-4668-BE54-9A1E7A4F7556}") = "Chushka.App", "Chushka.App\Chushka.App.csproj", "{EEBC9CC2-D82B-46A7-97BF-CD7EE4A58F55}"
EndProject
Global
	GlobalSection(SolutionConfigurationPlatforms) = preSolution
		Debug|Any CPU = Debug|Any CPU
		Release|Any CPU = Release|Any CPU
	EndGlobalSection
	GlobalSection(ProjectConfigurationPlatforms) = postSolution
		{F4F64E89-C7C2-42B0-AC6E-ED04CEBC722C}.Debug|Any CPU.ActiveCfg = Debug|Any CPU
		{F4F64E89-C7C2-42B0-AC6E-ED04CEBC722C}.Debug|Any CPU.Build.0 = Debug|Any CPU
		{F4F64E89-C7C2-42B0-AC6E-ED04CEBC722C}.Release|Any CPU.ActiveCfg = Release|Any CPU
		{F4F64E89-C7C2-42B0-AC6E-ED04CEBC722C}.Release|Any CPU.Build.0 = Release|Any CPU
		{F8094418-966D-4E77-BFAC-F3CF6D8BC139}.Debug|Any CPU.ActiveCfg = Debug|Any CPU
		{F8094418-966D-4E77-BFAC-F3CF6D8BC139}.Debug|Any CPU.Build.0 = Debug|Any CPU
		{F8094418-966D-4E77-BFAC-F3CF6D8BC139}.Release|Any CPU.ActiveCfg = Release|Any CPU
		{F8094418-966D-4E77-BFAC-F3CF6D8BC139}.Release|Any CPU.Build.0 = Release|Any CPU
		{23FB2591-7114-4C17-A10C-B03B500EC9D6}.Debug|Any CPU.ActiveCfg = Debug|Any CPU
		{23FB2591-7114-4C17-A10C-B03B500EC9D6}.Debug|Any CPU.Build.0 = Debug|Any CPU
		{23FB2591-7114-4C17-A10C-B03B500EC9D6}.Release|Any CPU.ActiveCfg = Release|Any CPU
		{23FB2591-7114-4C17-A10C-B03B500EC9D6}.Release|Any CPU.Build.0 = Release|Any CPU
		{61A22E10-3C5A-4765-A880-9C9329A05FFF}.Debug|Any CPU.ActiveCfg = Debug|Any CPU
		{61A22E10-3C5A-4765-A880-9C9329A05FFF}.Debug|Any CPU.Build.0 = Debug|Any CPU
		{61A22E10-3C5A-4765-A880-9C9329A05FFF}.Release|Any CPU.ActiveCfg = Release|Any CPU
		{61A22E10-3C5A-4765-A880-9C9329A05FFF}.Release|Any CPU.Build.0 = Release|Any CPU
		{294E9238-C380-407B-965D-A1EB803D7CDF}.Debug|Any CPU.ActiveCfg = Debug|Any CPU
		{294E9238-C380-407B-965D-A1EB803D7CDF}.Debug|Any CPU.Build.0 = Debug|Any CPU
		{294E9238-C380-407B-965D-A1EB803D7CDF}.Release|Any CPU.ActiveCfg = Release|Any CPU
		{294E9238-C380-407B-965D-A1EB803D7CDF}.Release|Any CPU.Build.0 = Release|Any CPU
		{88B19014-5463-4456-A41D-9205F327B14A}.Debug|Any CPU.ActiveCfg = Debug|Any CPU
		{88B19014-5463-4456-A41D-9205F327B14A}.Debug|Any CPU.Build.0 = Debug|Any CPU
		{88B19014-5463-4456-A41D-9205F327B14A}.Release|Any CPU.ActiveCfg = Release|Any CPU
		{88B19014-5463-4456-A41D-9205F327B14A}.Release|Any CPU.Build.0 = Release|Any CPU
		{EEBC9CC2-D82B-46A7-97BF-CD7EE4A58F55}.Debug|Any CPU.ActiveCfg = Debug|Any CPU
		{EEBC9CC2-D82B-46A7-97BF-CD7EE4A58F55}.Debug|Any CPU.Build.0 = Debug|Any CPU
		{EEBC9CC2-D82B-46A7-97BF-CD7EE4A58F55}.Release|Any CPU.ActiveCfg = Release|Any CPU
		{EEBC9CC2-D82B-46A7-97BF-CD7EE4A58F55}.Release|Any CPU.Build.0 = Release|Any CPU
	EndGlobalSection
	GlobalSection(SolutionProperties) = preSolution
		HideSolutionNode = FALSE
	EndGlobalSection
	GlobalSection(ExtensibilityGlobals) = postSolution
		SolutionGuid = {29ED3FF9-1BC1-46DF-A37C-369EAFFE6743}
	EndGlobalSection
EndGlobal
